// !$*UTF8*$!
{
	archiveVersion = 1;
	classes = {
	};
	objectVersion = 46;
	objects = {

/* Begin PBXBuildFile section */
		6306B5FE1DA14459001FD098 /* main.swift in Sources */ = {isa = PBXBuildFile; fileRef = 6306B5FD1DA14459001FD098 /* main.swift */; };
		6306B6051DA147CE001FD098 /* Lexer.swift in Sources */ = {isa = PBXBuildFile; fileRef = 6306B6041DA147CE001FD098 /* Lexer.swift */; };
		6317B3071DA168D1009674AE /* Parser.swift in Sources */ = {isa = PBXBuildFile; fileRef = 6317B3061DA168D1009674AE /* Parser.swift */; };
		6399F75F1DAD374B005BABAA /* UI.swift in Sources */ = {isa = PBXBuildFile; fileRef = 6399F75E1DAD374B005BABAA /* UI.swift */; };
		6399F7621DAD3BE1005BABAA /* libncurses.tbd in Frameworks */ = {isa = PBXBuildFile; fileRef = 6399F7611DAD3BE1005BABAA /* libncurses.tbd */; };
		6399F7641DAD3F2B005BABAA /* Document.swift in Sources */ = {isa = PBXBuildFile; fileRef = 6399F7631DAD3F2B005BABAA /* Document.swift */; };
		63EC55301DA1968000C08E40 /* String.swift in Sources */ = {isa = PBXBuildFile; fileRef = 63EC552F1DA1968000C08E40 /* String.swift */; };
/* End PBXBuildFile section */

/* Begin PBXCopyFilesBuildPhase section */
		6306B5F81DA14459001FD098 /* CopyFiles */ = {
			isa = PBXCopyFilesBuildPhase;
			buildActionMask = 2147483647;
			dstPath = /usr/share/man/man1;
			dstSubfolderSpec = 0;
			files = (
			);
			runOnlyForDeploymentPostprocessing = 1;
		};
/* End PBXCopyFilesBuildPhase section */

/* Begin PBXFileReference section */
		6306B5FA1DA14459001FD098 /* mds */ = {isa = PBXFileReference; explicitFileType = "compiled.mach-o.executable"; includeInIndex = 0; path = mds; sourceTree = BUILT_PRODUCTS_DIR; };
		6306B5FD1DA14459001FD098 /* main.swift */ = {isa = PBXFileReference; lastKnownFileType = sourcecode.swift; path = main.swift; sourceTree = "<group>"; };
		6306B6041DA147CE001FD098 /* Lexer.swift */ = {isa = PBXFileReference; fileEncoding = 4; lastKnownFileType = sourcecode.swift; path = Lexer.swift; sourceTree = "<group>"; };
		6317B3061DA168D1009674AE /* Parser.swift */ = {isa = PBXFileReference; fileEncoding = 4; lastKnownFileType = sourcecode.swift; path = Parser.swift; sourceTree = "<group>"; };
		6399F75C1DAD35A3005BABAA /* basic.md */ = {isa = PBXFileReference; fileEncoding = 4; lastKnownFileType = net.daringfireball.markdown; name = basic.md; path = Testfiles/basic.md; sourceTree = "<group>"; };
		6399F75E1DAD374B005BABAA /* UI.swift */ = {isa = PBXFileReference; fileEncoding = 4; lastKnownFileType = sourcecode.swift; path = UI.swift; sourceTree = "<group>"; };
		6399F7611DAD3BE1005BABAA /* libncurses.tbd */ = {isa = PBXFileReference; lastKnownFileType = "sourcecode.text-based-dylib-definition"; name = libncurses.tbd; path = usr/lib/libncurses.tbd; sourceTree = SDKROOT; };
		6399F7631DAD3F2B005BABAA /* Document.swift */ = {isa = PBXFileReference; fileEncoding = 4; lastKnownFileType = sourcecode.swift; path = Document.swift; sourceTree = "<group>"; };
		63DC8FA31DAD5FAF00DEA832 /* large.md */ = {isa = PBXFileReference; fileEncoding = 4; lastKnownFileType = net.daringfireball.markdown; name = large.md; path = Testfiles/large.md; sourceTree = "<group>"; };
		63EC552D1DA190A200C08E40 /* simple.md */ = {isa = PBXFileReference; fileEncoding = 4; lastKnownFileType = net.daringfireball.markdown; name = simple.md; path = Testfiles/simple.md; sourceTree = "<group>"; };
		63EC552F1DA1968000C08E40 /* String.swift */ = {isa = PBXFileReference; fileEncoding = 4; lastKnownFileType = sourcecode.swift; name = String.swift; path = Utils/String.swift; sourceTree = "<group>"; };
/* End PBXFileReference section */

/* Begin PBXFrameworksBuildPhase section */
		6306B5F71DA14459001FD098 /* Frameworks */ = {
			isa = PBXFrameworksBuildPhase;
			buildActionMask = 2147483647;
			files = (
				6399F7621DAD3BE1005BABAA /* libncurses.tbd in Frameworks */,
			);
			runOnlyForDeploymentPostprocessing = 0;
		};
/* End PBXFrameworksBuildPhase section */

/* Begin PBXGroup section */
		6306B5F11DA14459001FD098 = {
			isa = PBXGroup;
			children = (
				6306B5FC1DA14459001FD098 /* mds */,
				6306B5FB1DA14459001FD098 /* Products */,
				6399F7601DAD3BE1005BABAA /* Frameworks */,
			);
			sourceTree = "<group>";
		};
		6306B5FB1DA14459001FD098 /* Products */ = {
			isa = PBXGroup;
			children = (
				6306B5FA1DA14459001FD098 /* mds */,
			);
			name = Products;
			sourceTree = "<group>";
		};
		6306B5FC1DA14459001FD098 /* mds */ = {
			isa = PBXGroup;
			children = (
				63EC552E1DA1966500C08E40 /* Utils */,
				63EC552C1DA1904C00C08E40 /* Testfiles */,
				6306B5FD1DA14459001FD098 /* main.swift */,
				6306B6041DA147CE001FD098 /* Lexer.swift */,
				6317B3061DA168D1009674AE /* Parser.swift */,
				6399F75E1DAD374B005BABAA /* UI.swift */,
				6399F7631DAD3F2B005BABAA /* Document.swift */,
			);
			path = mds;
			sourceTree = "<group>";
		};
		6399F7601DAD3BE1005BABAA /* Frameworks */ = {
			isa = PBXGroup;
			children = (
				6399F7611DAD3BE1005BABAA /* libncurses.tbd */,
			);
			name = Frameworks;
			sourceTree = "<group>";
		};
		63EC552C1DA1904C00C08E40 /* Testfiles */ = {
			isa = PBXGroup;
			children = (
				63EC552D1DA190A200C08E40 /* simple.md */,
				6399F75C1DAD35A3005BABAA /* basic.md */,
				63DC8FA31DAD5FAF00DEA832 /* large.md */,
			);
			name = Testfiles;
			sourceTree = "<group>";
		};
		63EC552E1DA1966500C08E40 /* Utils */ = {
			isa = PBXGroup;
			children = (
				63EC552F1DA1968000C08E40 /* String.swift */,
			);
			name = Utils;
			sourceTree = "<group>";
		};
/* End PBXGroup section */

/* Begin PBXNativeTarget section */
		6306B5F91DA14459001FD098 /* mds */ = {
			isa = PBXNativeTarget;
			buildConfigurationList = 6306B6011DA14459001FD098 /* Build configuration list for PBXNativeTarget "mds" */;
			buildPhases = (
				6306B5F61DA14459001FD098 /* Sources */,
				6306B5F71DA14459001FD098 /* Frameworks */,
				6306B5F81DA14459001FD098 /* CopyFiles */,
			);
			buildRules = (
			);
			dependencies = (
			);
			name = mds;
			productName = mds;
			productReference = 6306B5FA1DA14459001FD098 /* mds */;
			productType = "com.apple.product-type.tool";
		};
/* End PBXNativeTarget section */

/* Begin PBXProject section */
		6306B5F21DA14459001FD098 /* Project object */ = {
			isa = PBXProject;
			attributes = {
				LastSwiftUpdateCheck = 0800;
				LastUpgradeCheck = 0800;
				ORGANIZATIONNAME = "David Rauch";
				TargetAttributes = {
					6306B5F91DA14459001FD098 = {
						CreatedOnToolsVersion = 8.0;
						ProvisioningStyle = Automatic;
					};
				};
			};
			buildConfigurationList = 6306B5F51DA14459001FD098 /* Build configuration list for PBXProject "mds" */;
			compatibilityVersion = "Xcode 3.2";
			developmentRegion = English;
			hasScannedForEncodings = 0;
			knownRegions = (
				en,
			);
			mainGroup = 6306B5F11DA14459001FD098;
			productRefGroup = 6306B5FB1DA14459001FD098 /* Products */;
			projectDirPath = "";
			projectRoot = "";
			targets = (
				6306B5F91DA14459001FD098 /* mds */,
			);
		};
/* End PBXProject section */

/* Begin PBXSourcesBuildPhase section */
		6306B5F61DA14459001FD098 /* Sources */ = {
			isa = PBXSourcesBuildPhase;
			buildActionMask = 2147483647;
			files = (
				6317B3071DA168D1009674AE /* Parser.swift in Sources */,
				6306B6051DA147CE001FD098 /* Lexer.swift in Sources */,
				63EC55301DA1968000C08E40 /* String.swift in Sources */,
				6306B5FE1DA14459001FD098 /* main.swift in Sources */,
				6399F7641DAD3F2B005BABAA /* Document.swift in Sources */,
				6399F75F1DAD374B005BABAA /* UI.swift in Sources */,
			);
			runOnlyForDeploymentPostprocessing = 0;
		};
/* End PBXSourcesBuildPhase section */

/* Begin XCBuildConfiguration section */
		6306B5FF1DA14459001FD098 /* Debug */ = {
			isa = XCBuildConfiguration;
			buildSettings = {
				ALWAYS_SEARCH_USER_PATHS = NO;
				CLANG_ANALYZER_NONNULL = YES;
				CLANG_CXX_LANGUAGE_STANDARD = "gnu++0x";
				CLANG_CXX_LIBRARY = "libc++";
				CLANG_ENABLE_MODULES = YES;
				CLANG_ENABLE_OBJC_ARC = YES;
				CLANG_WARN_BOOL_CONVERSION = YES;
				CLANG_WARN_CONSTANT_CONVERSION = YES;
				CLANG_WARN_DIRECT_OBJC_ISA_USAGE = YES_ERROR;
				CLANG_WARN_DOCUMENTATION_COMMENTS = YES;
				CLANG_WARN_EMPTY_BODY = YES;
				CLANG_WARN_ENUM_CONVERSION = YES;
				CLANG_WARN_INFINITE_RECURSION = YES;
				CLANG_WARN_INT_CONVERSION = YES;
				CLANG_WARN_OBJC_ROOT_CLASS = YES_ERROR;
				CLANG_WARN_SUSPICIOUS_MOVES = YES;
				CLANG_WARN_UNREACHABLE_CODE = YES;
				CLANG_WARN__DUPLICATE_METHOD_MATCH = YES;
				CODE_SIGN_IDENTITY = "-";
				COPY_PHASE_STRIP = NO;
				DEBUG_INFORMATION_FORMAT = dwarf;
				ENABLE_STRICT_OBJC_MSGSEND = YES;
				ENABLE_TESTABILITY = YES;
				GCC_C_LANGUAGE_STANDARD = gnu99;
				GCC_DYNAMIC_NO_PIC = NO;
				GCC_NO_COMMON_BLOCKS = YES;
				GCC_OPTIMIZATION_LEVEL = 0;
				GCC_PREPROCESSOR_DEFINITIONS = (
					"DEBUG=1",
					"$(inherited)",
				);
				GCC_WARN_64_TO_32_BIT_CONVERSION = YES;
				GCC_WARN_ABOUT_RETURN_TYPE = YES_ERROR;
				GCC_WARN_UNDECLARED_SELECTOR = YES;
				GCC_WARN_UNINITIALIZED_AUTOS = YES_AGGRESSIVE;
				GCC_WARN_UNUSED_FUNCTION = YES;
				GCC_WARN_UNUSED_VARIABLE = YES;
				MACOSX_DEPLOYMENT_TARGET = 10.12;
				MTL_ENABLE_DEBUG_INFO = YES;
				ONLY_ACTIVE_ARCH = YES;
				SDKROOT = macosx;
				SWIFT_OPTIMIZATION_LEVEL = "-Onone";
			};
			name = Debug;
		};
		6306B6001DA14459001FD098 /* Release */ = {
			isa = XCBuildConfiguration;
			buildSettings = {
				ALWAYS_SEARCH_USER_PATHS = NO;
				CLANG_ANALYZER_NONNULL = YES;
				CLANG_CXX_LANGUAGE_STANDARD = "gnu++0x";
				CLANG_CXX_LIBRARY = "libc++";
				CLANG_ENABLE_MODULES = YES;
				CLANG_ENABLE_OBJC_ARC = YES;
				CLANG_WARN_BOOL_CONVERSION = YES;
				CLANG_WARN_CONSTANT_CONVERSION = YES;
				CLANG_WARN_DIRECT_OBJC_ISA_USAGE = YES_ERROR;
				CLANG_WARN_DOCUMENTATION_COMMENTS = YES;
				CLANG_WARN_EMPTY_BODY = YES;
				CLANG_WARN_ENUM_CONVERSION = YES;
				CLANG_WARN_INFINITE_RECURSION = YES;
				CLANG_WARN_INT_CONVERSION = YES;
				CLANG_WARN_OBJC_ROOT_CLASS = YES_ERROR;
				CLANG_WARN_SUSPICIOUS_MOVES = YES;
				CLANG_WARN_UNREACHABLE_CODE = YES;
				CLANG_WARN__DUPLICATE_METHOD_MATCH = YES;
				CODE_SIGN_IDENTITY = "-";
				COPY_PHASE_STRIP = NO;
				DEBUG_INFORMATION_FORMAT = "dwarf-with-dsym";
				ENABLE_NS_ASSERTIONS = NO;
				ENABLE_STRICT_OBJC_MSGSEND = YES;
				GCC_C_LANGUAGE_STANDARD = gnu99;
				GCC_NO_COMMON_BLOCKS = YES;
				GCC_WARN_64_TO_32_BIT_CONVERSION = YES;
				GCC_WARN_ABOUT_RETURN_TYPE = YES_ERROR;
				GCC_WARN_UNDECLARED_SELECTOR = YES;
				GCC_WARN_UNINITIALIZED_AUTOS = YES_AGGRESSIVE;
				GCC_WARN_UNUSED_FUNCTION = YES;
				GCC_WARN_UNUSED_VARIABLE = YES;
				MACOSX_DEPLOYMENT_TARGET = 10.12;
				MTL_ENABLE_DEBUG_INFO = NO;
				SDKROOT = macosx;
			};
			name = Release;
		};
		6306B6021DA14459001FD098 /* Debug */ = {
			isa = XCBuildConfiguration;
			buildSettings = {
				PRODUCT_NAME = "$(TARGET_NAME)";
				SWIFT_VERSION = 3.0;
			};
			name = Debug;
		};
		6306B6031DA14459001FD098 /* Release */ = {
			isa = XCBuildConfiguration;
			buildSettings = {
				PRODUCT_NAME = "$(TARGET_NAME)";
				SWIFT_VERSION = 3.0;
			};
			name = Release;
		};
/* End XCBuildConfiguration section */

/* Begin XCConfigurationList section */
		6306B5F51DA14459001FD098 /* Build configuration list for PBXProject "mds" */ = {
			isa = XCConfigurationList;
			buildConfigurations = (
				6306B5FF1DA14459001FD098 /* Debug */,
				6306B6001DA14459001FD098 /* Release */,
			);
			defaultConfigurationIsVisible = 0;
			defaultConfigurationName = Release;
		};
		6306B6011DA14459001FD098 /* Build configuration list for PBXNativeTarget "mds" */ = {
			isa = XCConfigurationList;
			buildConfigurations = (
				6306B6021DA14459001FD098 /* Debug */,
				6306B6031DA14459001FD098 /* Release */,
			);
			defaultConfigurationIsVisible = 0;
			defaultConfigurationName = Release;
		};
/* End XCConfigurationList section */
	};
	rootObject = 6306B5F21DA14459001FD098 /* Project object */;
}
